
Microsoft Visual Studio Solution File, Format Version 12.00
# Visual Studio 2012
Project("{FAE04EC0-301F-11D3-BF4B-00C04F79EFBC}") = "Mukyutter", "Grabacr07.Mukyutter\Mukyutter.csproj", "{304940AF-7BFE-475F-8418-0082BF530D60}"
	ProjectSection(ProjectDependencies) = postProject
		{754E01A1-553D-4661-B4E7-1B1A669ECAC5} = {754E01A1-553D-4661-B4E7-1B1A669ECAC5}
		{C20883A2-C104-45EF-BADE-A888328981EB} = {C20883A2-C104-45EF-BADE-A888328981EB}
		{93BBBBA5-F3E7-484E-83DD-7C29EA8A95AA} = {93BBBBA5-F3E7-484E-83DD-7C29EA8A95AA}
	EndProjectSection
EndProject
Project("{FAE04EC0-301F-11D3-BF4B-00C04F79EFBC}") = "Utilities", "Grabacr07.Utilities\Utilities.csproj", "{93BBBBA5-F3E7-484E-83DD-7C29EA8A95AA}"
EndProject
Project("{FAE04EC0-301F-11D3-BF4B-00C04F79EFBC}") = "Twitter", "Grabacr07.Mukyutter.Models.Twitter\Twitter.csproj", "{754E01A1-553D-4661-B4E7-1B1A669ECAC5}"
EndProject
Project("{FAE04EC0-301F-11D3-BF4B-00C04F79EFBC}") = "ReactiveOAuth", "ReactiveOAuth\ReactiveOAuth.csproj", "{C20883A2-C104-45EF-BADE-A888328981EB}"
EndProject
Project("{2150E333-8FDC-42A3-9474-1A3956D46DE8}") = ".nuget", ".nuget", "{B677E188-B871-4D3E-B5EC-4BFC141FB606}"
	ProjectSection(SolutionItems) = preProject
		.nuget\NuGet.Config = .nuget\NuGet.Config
		.nuget\NuGet.exe = .nuget\NuGet.exe
		.nuget\NuGet.targets = .nuget\NuGet.targets
	EndProjectSection
EndProject
Global
	GlobalSection(TeamFoundationVersionControl) = preSolution
		SccNumberOfProjects = 5
		SccEnterpriseProvider = {4CA58AB2-18FA-4F8D-95D4-32DDF27D184C}
		SccTeamFoundationServer = https://grabacr.visualstudio.com/defaultcollection
		SccLocalPath0 = .
		SccProjectUniqueName1 = Grabacr07.Mukyutter.Models.Twitter\\Twitter.csproj
		SccProjectName1 = Grabacr07.Mukyutter.Models.Twitter
		SccLocalPath1 = Grabacr07.Mukyutter.Models.Twitter
		SccProjectUniqueName2 = Grabacr07.Mukyutter\\Mukyutter.csproj
		SccProjectName2 = Grabacr07.Mukyutter
		SccLocalPath2 = Grabacr07.Mukyutter
		SccProjectUniqueName3 = Grabacr07.Utilities\\Utilities.csproj
		SccProjectName3 = Grabacr07.Utilities
		SccLocalPath3 = Grabacr07.Utilities
		SccProjectUniqueName4 = ReactiveOAuth\\ReactiveOAuth.csproj
		SccProjectName4 = ReactiveOAuth
		SccLocalPath4 = ReactiveOAuth
	EndGlobalSection
	GlobalSection(SolutionConfigurationPlatforms) = preSolution
		Debug (HISOL)|Any CPU = Debug (HISOL)|Any CPU
		Debug (HISOL)|ARM = Debug (HISOL)|ARM
		Debug (HISOL)|Mixed Platforms = Debug (HISOL)|Mixed Platforms
		Debug (HISOL)|x64 = Debug (HISOL)|x64
		Debug (HISOL)|x86 = Debug (HISOL)|x86
		Debug|Any CPU = Debug|Any CPU
		Debug|ARM = Debug|ARM
		Debug|Mixed Platforms = Debug|Mixed Platforms
		Debug|x64 = Debug|x64
		Debug|x86 = Debug|x86
		Release (HISOL)|Any CPU = Release (HISOL)|Any CPU
		Release (HISOL)|ARM = Release (HISOL)|ARM
		Release (HISOL)|Mixed Platforms = Release (HISOL)|Mixed Platforms
		Release (HISOL)|x64 = Release (HISOL)|x64
		Release (HISOL)|x86 = Release (HISOL)|x86
		Release|Any CPU = Release|Any CPU
		Release|ARM = Release|ARM
		Release|Mixed Platforms = Release|Mixed Platforms
		Release|x64 = Release|x64
		Release|x86 = Release|x86
	EndGlobalSection
	GlobalSection(ProjectConfigurationPlatforms) = postSolution
		{304940AF-7BFE-475F-8418-0082BF530D60}.Debug (HISOL)|Any CPU.ActiveCfg = Debug (HISOL)|Any CPU
		{304940AF-7BFE-475F-8418-0082BF530D60}.Debug (HISOL)|Any CPU.Build.0 = Debug (HISOL)|Any CPU
		{304940AF-7BFE-475F-8418-0082BF530D60}.Debug (HISOL)|ARM.ActiveCfg = Debug (HISOL)|Any CPU
		{304940AF-7BFE-475F-8418-0082BF530D60}.Debug (HISOL)|Mixed Platforms.ActiveCfg = Debug (HISOL)|x86
		{304940AF-7BFE-475F-8418-0082BF530D60}.Debug (HISOL)|Mixed Platforms.Build.0 = Debug (HISOL)|x86
		{304940AF-7BFE-475F-8418-0082BF530D60}.Debug (HISOL)|x64.ActiveCfg = Debug|x64
		{304940AF-7BFE-475F-8418-0082BF530D60}.Debug (HISOL)|x64.Build.0 = Debug|x64
		{304940AF-7BFE-475F-8418-0082BF530D60}.Debug (HISOL)|x86.ActiveCfg = Debug|x86
		{304940AF-7BFE-475F-8418-0082BF530D60}.Debug (HISOL)|x86.Build.0 = Debug|x86
		{304940AF-7BFE-475F-8418-0082BF530D60}.Debug|Any CPU.ActiveCfg = Debug|Any CPU
		{304940AF-7BFE-475F-8418-0082BF530D60}.Debug|Any CPU.Build.0 = Debug|Any CPU
		{304940AF-7BFE-475F-8418-0082BF530D60}.Debug|ARM.ActiveCfg = Debug|Any CPU
		{304940AF-7BFE-475F-8418-0082BF530D60}.Debug|Mixed Platforms.ActiveCfg = Debug|Any CPU
		{304940AF-7BFE-475F-8418-0082BF530D60}.Debug|Mixed Platforms.Build.0 = Debug|Any CPU
		{304940AF-7BFE-475F-8418-0082BF530D60}.Debug|x64.ActiveCfg = Debug|x64
		{304940AF-7BFE-475F-8418-0082BF530D60}.Debug|x64.Build.0 = Debug|x64
		{304940AF-7BFE-475F-8418-0082BF530D60}.Debug|x86.ActiveCfg = Debug|x86
		{304940AF-7BFE-475F-8418-0082BF530D60}.Debug|x86.Build.0 = Debug|x86
		{304940AF-7BFE-475F-8418-0082BF530D60}.Release (HISOL)|Any CPU.ActiveCfg = Release (HISOL)|Any CPU
		{304940AF-7BFE-475F-8418-0082BF530D60}.Release (HISOL)|Any CPU.Build.0 = Release (HISOL)|Any CPU
		{304940AF-7BFE-475F-8418-0082BF530D60}.Release (HISOL)|ARM.ActiveCfg = Release (HISOL)|Any CPU
		{304940AF-7BFE-475F-8418-0082BF530D60}.Release (HISOL)|Mixed Platforms.ActiveCfg = Release (HISOL)|Any CPU
		{304940AF-7BFE-475F-8418-0082BF530D60}.Release (HISOL)|Mixed Platforms.Build.0 = Release (HISOL)|Any CPU
		{304940AF-7BFE-475F-8418-0082BF530D60}.Release (HISOL)|x64.ActiveCfg = Release (HISOL)|x64
		{304940AF-7BFE-475F-8418-0082BF530D60}.Release (HISOL)|x64.Build.0 = Release (HISOL)|x64
		{304940AF-7BFE-475F-8418-0082BF530D60}.Release (HISOL)|x86.ActiveCfg = Release (HISOL)|x86
		{304940AF-7BFE-475F-8418-0082BF530D60}.Release (HISOL)|x86.Build.0 = Release (HISOL)|x86
		{304940AF-7BFE-475F-8418-0082BF530D60}.Release|Any CPU.ActiveCfg = Release|Any CPU
		{304940AF-7BFE-475F-8418-0082BF530D60}.Release|Any CPU.Build.0 = Release|Any CPU
		{304940AF-7BFE-475F-8418-0082BF530D60}.Release|ARM.ActiveCfg = Release|Any CPU
		{304940AF-7BFE-475F-8418-0082BF530D60}.Release|Mixed Platforms.ActiveCfg = Release|Any CPU
		{304940AF-7BFE-475F-8418-0082BF530D60}.Release|Mixed Platforms.Build.0 = Release|Any CPU
		{304940AF-7BFE-475F-8418-0082BF530D60}.Release|x64.ActiveCfg = Release|x64
		{304940AF-7BFE-475F-8418-0082BF530D60}.Release|x64.Build.0 = Release|x64
		{304940AF-7BFE-475F-8418-0082BF530D60}.Release|x86.ActiveCfg = Release|x86
		{304940AF-7BFE-475F-8418-0082BF530D60}.Release|x86.Build.0 = Release|x86
		{93BBBBA5-F3E7-484E-83DD-7C29EA8A95AA}.Debug (HISOL)|Any CPU.ActiveCfg = Debug|Any CPU
		{93BBBBA5-F3E7-484E-83DD-7C29EA8A95AA}.Debug (HISOL)|Any CPU.Build.0 = Debug|Any CPU
		{93BBBBA5-F3E7-484E-83DD-7C29EA8A95AA}.Debug (HISOL)|ARM.ActiveCfg = Debug|Any CPU
		{93BBBBA5-F3E7-484E-83DD-7C29EA8A95AA}.Debug (HISOL)|Mixed Platforms.ActiveCfg = Debug|x86
		{93BBBBA5-F3E7-484E-83DD-7C29EA8A95AA}.Debug (HISOL)|Mixed Platforms.Build.0 = Debug|x86
		{93BBBBA5-F3E7-484E-83DD-7C29EA8A95AA}.Debug (HISOL)|x64.ActiveCfg = Debug|x64
		{93BBBBA5-F3E7-484E-83DD-7C29EA8A95AA}.Debug (HISOL)|x64.Build.0 = Debug|x64
		{93BBBBA5-F3E7-484E-83DD-7C29EA8A95AA}.Debug (HISOL)|x86.ActiveCfg = Debug|x86
		{93BBBBA5-F3E7-484E-83DD-7C29EA8A95AA}.Debug (HISOL)|x86.Build.0 = Debug|x86
		{93BBBBA5-F3E7-484E-83DD-7C29EA8A95AA}.Debug|Any CPU.ActiveCfg = Debug|Any CPU
		{93BBBBA5-F3E7-484E-83DD-7C29EA8A95AA}.Debug|Any CPU.Build.0 = Debug|Any CPU
		{93BBBBA5-F3E7-484E-83DD-7C29EA8A95AA}.Debug|ARM.ActiveCfg = Debug|Any CPU
		{93BBBBA5-F3E7-484E-83DD-7C29EA8A95AA}.Debug|Mixed Platforms.ActiveCfg = Debug|Any CPU
		{93BBBBA5-F3E7-484E-83DD-7C29EA8A95AA}.Debug|Mixed Platforms.Build.0 = Debug|Any CPU
		{93BBBBA5-F3E7-484E-83DD-7C29EA8A95AA}.Debug|x64.ActiveCfg = Debug|x64
		{93BBBBA5-F3E7-484E-83DD-7C29EA8A95AA}.Debug|x64.Build.0 = Debug|x64
		{93BBBBA5-F3E7-484E-83DD-7C29EA8A95AA}.Debug|x86.ActiveCfg = Debug|x86
		{93BBBBA5-F3E7-484E-83DD-7C29EA8A95AA}.Debug|x86.Build.0 = Debug|x86
		{93BBBBA5-F3E7-484E-83DD-7C29EA8A95AA}.Release (HISOL)|Any CPU.ActiveCfg = Release|Any CPU
		{93BBBBA5-F3E7-484E-83DD-7C29EA8A95AA}.Release (HISOL)|Any CPU.Build.0 = Release|Any CPU
		{93BBBBA5-F3E7-484E-83DD-7C29EA8A95AA}.Release (HISOL)|ARM.ActiveCfg = Release (HISOL)|Any CPU
		{93BBBBA5-F3E7-484E-83DD-7C29EA8A95AA}.Release (HISOL)|Mixed Platforms.ActiveCfg = Release|Any CPU
		{93BBBBA5-F3E7-484E-83DD-7C29EA8A95AA}.Release (HISOL)|Mixed Platforms.Build.0 = Release|Any CPU
		{93BBBBA5-F3E7-484E-83DD-7C29EA8A95AA}.Release (HISOL)|x64.ActiveCfg = Release (HISOL)|x64
		{93BBBBA5-F3E7-484E-83DD-7C29EA8A95AA}.Release (HISOL)|x64.Build.0 = Release (HISOL)|x64
		{93BBBBA5-F3E7-484E-83DD-7C29EA8A95AA}.Release (HISOL)|x86.ActiveCfg = Release (HISOL)|x86
		{93BBBBA5-F3E7-484E-83DD-7C29EA8A95AA}.Release (HISOL)|x86.Build.0 = Release (HISOL)|x86
		{93BBBBA5-F3E7-484E-83DD-7C29EA8A95AA}.Release|Any CPU.ActiveCfg = Release|Any CPU
		{93BBBBA5-F3E7-484E-83DD-7C29EA8A95AA}.Release|Any CPU.Build.0 = Release|Any CPU
		{93BBBBA5-F3E7-484E-83DD-7C29EA8A95AA}.Release|ARM.ActiveCfg = Release|Any CPU
		{93BBBBA5-F3E7-484E-83DD-7C29EA8A95AA}.Release|Mixed Platforms.ActiveCfg = Release|Any CPU
		{93BBBBA5-F3E7-484E-83DD-7C29EA8A95AA}.Release|Mixed Platforms.Build.0 = Release|Any CPU
		{93BBBBA5-F3E7-484E-83DD-7C29EA8A95AA}.Release|x64.ActiveCfg = Release|x64
		{93BBBBA5-F3E7-484E-83DD-7C29EA8A95AA}.Release|x64.Build.0 = Release|x64
		{93BBBBA5-F3E7-484E-83DD-7C29EA8A95AA}.Release|x86.ActiveCfg = Release|x86
		{93BBBBA5-F3E7-484E-83DD-7C29EA8A95AA}.Release|x86.Build.0 = Release|x86
		{754E01A1-553D-4661-B4E7-1B1A669ECAC5}.Debug (HISOL)|Any CPU.ActiveCfg = Debug|Any CPU
		{754E01A1-553D-4661-B4E7-1B1A669ECAC5}.Debug (HISOL)|Any CPU.Build.0 = Debug|Any CPU
		{754E01A1-553D-4661-B4E7-1B1A669ECAC5}.Debug (HISOL)|ARM.ActiveCfg = Debug|Any CPU
		{754E01A1-553D-4661-B4E7-1B1A669ECAC5}.Debug (HISOL)|Mixed Platforms.ActiveCfg = Debug|x86
		{754E01A1-553D-4661-B4E7-1B1A669ECAC5}.Debug (HISOL)|Mixed Platforms.Build.0 = Debug|x86
		{754E01A1-553D-4661-B4E7-1B1A669ECAC5}.Debug (HISOL)|x64.ActiveCfg = Debug|x64
		{754E01A1-553D-4661-B4E7-1B1A669ECAC5}.Debug (HISOL)|x64.Build.0 = Debug|x64
		{754E01A1-553D-4661-B4E7-1B1A669ECAC5}.Debug (HISOL)|x86.ActiveCfg = Debug|x86
		{754E01A1-553D-4661-B4E7-1B1A669ECAC5}.Debug (HISOL)|x86.Build.0 = Debug|x86
		{754E01A1-553D-4661-B4E7-1B1A669ECAC5}.Debug|Any CPU.ActiveCfg = Debug|Any CPU
		{754E01A1-553D-4661-B4E7-1B1A669ECAC5}.Debug|Any CPU.Build.0 = Debug|Any CPU
		{754E01A1-553D-4661-B4E7-1B1A669ECAC5}.Debug|ARM.ActiveCfg = Debug|Any CPU
		{754E01A1-553D-4661-B4E7-1B1A669ECAC5}.Debug|Mixed Platforms.ActiveCfg = Debug|Any CPU
		{754E01A1-553D-4661-B4E7-1B1A669ECAC5}.Debug|Mixed Platforms.Build.0 = Debug|Any CPU
		{754E01A1-553D-4661-B4E7-1B1A669ECAC5}.Debug|x64.ActiveCfg = Debug|x64
		{754E01A1-553D-4661-B4E7-1B1A669ECAC5}.Debug|x64.Build.0 = Debug|x64
		{754E01A1-553D-4661-B4E7-1B1A669ECAC5}.Debug|x86.ActiveCfg = Debug|x86
		{754E01A1-553D-4661-B4E7-1B1A669ECAC5}.Debug|x86.Build.0 = Debug|x86
		{754E01A1-553D-4661-B4E7-1B1A669ECAC5}.Release (HISOL)|Any CPU.ActiveCfg = Release|Any CPU
		{754E01A1-553D-4661-B4E7-1B1A669ECAC5}.Release (HISOL)|Any CPU.Build.0 = Release|Any CPU
		{754E01A1-553D-4661-B4E7-1B1A669ECAC5}.Release (HISOL)|ARM.ActiveCfg = Release (HISOL)|Any CPU
		{754E01A1-553D-4661-B4E7-1B1A669ECAC5}.Release (HISOL)|Mixed Platforms.ActiveCfg = Release|Any CPU
		{754E01A1-553D-4661-B4E7-1B1A669ECAC5}.Release (HISOL)|Mixed Platforms.Build.0 = Release|Any CPU
		{754E01A1-553D-4661-B4E7-1B1A669ECAC5}.Release (HISOL)|x64.ActiveCfg = Release (HISOL)|x64
		{754E01A1-553D-4661-B4E7-1B1A669ECAC5}.Release (HISOL)|x64.Build.0 = Release (HISOL)|x64
		{754E01A1-553D-4661-B4E7-1B1A669ECAC5}.Release (HISOL)|x86.ActiveCfg = Release (HISOL)|x86
		{754E01A1-553D-4661-B4E7-1B1A669ECAC5}.Release (HISOL)|x86.Build.0 = Release (HISOL)|x86
		{754E01A1-553D-4661-B4E7-1B1A669ECAC5}.Release|Any CPU.ActiveCfg = Release|Any CPU
		{754E01A1-553D-4661-B4E7-1B1A669ECAC5}.Release|Any CPU.Build.0 = Release|Any CPU
		{754E01A1-553D-4661-B4E7-1B1A669ECAC5}.Release|ARM.ActiveCfg = Release|Any CPU
		{754E01A1-553D-4661-B4E7-1B1A669ECAC5}.Release|Mixed Platforms.ActiveCfg = Release|Any CPU
		{754E01A1-553D-4661-B4E7-1B1A669ECAC5}.Release|Mixed Platforms.Build.0 = Release|Any CPU
		{754E01A1-553D-4661-B4E7-1B1A669ECAC5}.Release|x64.ActiveCfg = Release|x64
		{754E01A1-553D-4661-B4E7-1B1A669ECAC5}.Release|x64.Build.0 = Release|x64
		{754E01A1-553D-4661-B4E7-1B1A669ECAC5}.Release|x86.ActiveCfg = Release|x86
		{754E01A1-553D-4661-B4E7-1B1A669ECAC5}.Release|x86.Build.0 = Release|x86
		{C20883A2-C104-45EF-BADE-A888328981EB}.Debug (HISOL)|Any CPU.ActiveCfg = Debug|Any CPU
		{C20883A2-C104-45EF-BADE-A888328981EB}.Debug (HISOL)|Any CPU.Build.0 = Debug|Any CPU
		{C20883A2-C104-45EF-BADE-A888328981EB}.Debug (HISOL)|ARM.ActiveCfg = Debug|Any CPU
		{C20883A2-C104-45EF-BADE-A888328981EB}.Debug (HISOL)|Mixed Platforms.ActiveCfg = Debug|x86
		{C20883A2-C104-45EF-BADE-A888328981EB}.Debug (HISOL)|Mixed Platforms.Build.0 = Debug|x86
		{C20883A2-C104-45EF-BADE-A888328981EB}.Debug (HISOL)|x64.ActiveCfg = Debug|x64
		{C20883A2-C104-45EF-BADE-A888328981EB}.Debug (HISOL)|x64.Build.0 = Debug|x64
		{C20883A2-C104-45EF-BADE-A888328981EB}.Debug (HISOL)|x86.ActiveCfg = Debug|x86
		{C20883A2-C104-45EF-BADE-A888328981EB}.Debug (HISOL)|x86.Build.0 = Debug|x86
		{C20883A2-C104-45EF-BADE-A888328981EB}.Debug|Any CPU.ActiveCfg = Debug|Any CPU
		{C20883A2-C104-45EF-BADE-A888328981EB}.Debug|Any CPU.Build.0 = Debug|Any CPU
		{C20883A2-C104-45EF-BADE-A888328981EB}.Debug|ARM.ActiveCfg = Debug|Any CPU
		{C20883A2-C104-45EF-BADE-A888328981EB}.Debug|Mixed Platforms.ActiveCfg = Debug|Any CPU
		{C20883A2-C104-45EF-BADE-A888328981EB}.Debug|Mixed Platforms.Build.0 = Debug|Any CPU
		{C20883A2-C104-45EF-BADE-A888328981EB}.Debug|x64.ActiveCfg = Debug|x64
		{C20883A2-C104-45EF-BADE-A888328981EB}.Debug|x64.Build.0 = Debug|x64
		{C20883A2-C104-45EF-BADE-A888328981EB}.Debug|x86.ActiveCfg = Debug|x86
		{C20883A2-C104-45EF-BADE-A888328981EB}.Debug|x86.Build.0 = Debug|x86
		{C20883A2-C104-45EF-BADE-A888328981EB}.Release (HISOL)|Any CPU.ActiveCfg = Release|Any CPU
		{C20883A2-C104-45EF-BADE-A888328981EB}.Release (HISOL)|Any CPU.Build.0 = Release|Any CPU
		{C20883A2-C104-45EF-BADE-A888328981EB}.Release (HISOL)|ARM.ActiveCfg = Release (HISOL)|Any CPU
		{C20883A2-C104-45EF-BADE-A888328981EB}.Release (HISOL)|Mixed Platforms.ActiveCfg = Release|Any CPU
		{C20883A2-C104-45EF-BADE-A888328981EB}.Release (HISOL)|Mixed Platforms.Build.0 = Release|Any CPU
		{C20883A2-C104-45EF-BADE-A888328981EB}.Release (HISOL)|x64.ActiveCfg = Release (HISOL)|x64
		{C20883A2-C104-45EF-BADE-A888328981EB}.Release (HISOL)|x64.Build.0 = Release (HISOL)|x64
		{C20883A2-C104-45EF-BADE-A888328981EB}.Release (HISOL)|x86.ActiveCfg = Release (HISOL)|x86
		{C20883A2-C104-45EF-BADE-A888328981EB}.Release (HISOL)|x86.Build.0 = Release (HISOL)|x86
		{C20883A2-C104-45EF-BADE-A888328981EB}.Release|Any CPU.ActiveCfg = Release|Any CPU
		{C20883A2-C104-45EF-BADE-A888328981EB}.Release|Any CPU.Build.0 = Release|Any CPU
		{C20883A2-C104-45EF-BADE-A888328981EB}.Release|ARM.ActiveCfg = Release|Any CPU
		{C20883A2-C104-45EF-BADE-A888328981EB}.Release|Mixed Platforms.ActiveCfg = Release|Any CPU
		{C20883A2-C104-45EF-BADE-A888328981EB}.Release|Mixed Platforms.Build.0 = Release|Any CPU
		{C20883A2-C104-45EF-BADE-A888328981EB}.Release|x64.ActiveCfg = Release|x64
		{C20883A2-C104-45EF-BADE-A888328981EB}.Release|x64.Build.0 = Release|x64
		{C20883A2-C104-45EF-BADE-A888328981EB}.Release|x86.ActiveCfg = Release|x86
		{C20883A2-C104-45EF-BADE-A888328981EB}.Release|x86.Build.0 = Release|x86
	EndGlobalSection
	GlobalSection(SolutionProperties) = preSolution
		HideSolutionNode = FALSE
	EndGlobalSection
EndGlobal
